
Microsoft Visual Studio Solution File, Format Version 12.00
# Visual Studio Version 16
VisualStudioVersion = 16.0.31129.286
MinimumVisualStudioVersion = 10.0.40219.1
Project("{2150E333-8FDC-42A3-9474-1A3956D46DE8}") = "Tests", "Tests", "{9D6BED74-2562-47EA-82B6-508EAFC3EACB}"
EndProject
Project("{2150E333-8FDC-42A3-9474-1A3956D46DE8}") = "Tasks", "Tasks", "{CADD2207-1E5F-4364-BE42-52F99F7F1BF3}"
EndProject
Project("{FAE04EC0-301F-11D3-BF4B-00C04F79EFBC}") = "Task1Tests", "Tests\Task1Tests\Task1Tests.csproj", "{423037B0-01B8-48B3-AE60-BA87085BDD53}"
EndProject
Project("{FAE04EC0-301F-11D3-BF4B-00C04F79EFBC}") = "Task2Tests", "Tests\Task2Tests\Task2Tests.csproj", "{0BBF3E2F-BB77-468F-B28D-DF87C285217D}"
EndProject
Project("{FAE04EC0-301F-11D3-BF4B-00C04F79EFBC}") = "Task3Tests", "Tests\Task3Tests\Task3Tests.csproj", "{C1A7B4DE-2CF8-48CD-959C-DB2158BCABD2}"
EndProject
Project("{FAE04EC0-301F-11D3-BF4B-00C04F79EFBC}") = "Task4Tests", "Tests\Task4Tests\Task4Tests.csproj", "{955C292B-7218-4EDD-A2FD-D1BCE579EA98}"
EndProject
Project("{FAE04EC0-301F-11D3-BF4B-00C04F79EFBC}") = "Task5Tests", "Tests\Task5Tests\Task5Tests.csproj", "{4C2844A2-41F4-49AF-B339-F15BD1E16909}"
EndProject
Project("{FAE04EC0-301F-11D3-BF4B-00C04F79EFBC}") = "Task1", "Tasks\Task1\Task1.csproj", "{3BD113B6-ABEB-47B7-BC50-4E41BE03D13A}"
EndProject
Project("{FAE04EC0-301F-11D3-BF4B-00C04F79EFBC}") = "Task2", "Tasks\Task2\Task2.csproj", "{046EFB7F-6DA5-49C7-B890-7C6DAECFF8F1}"
EndProject
Project("{FAE04EC0-301F-11D3-BF4B-00C04F79EFBC}") = "Task3", "Tasks\Task3\Task3.csproj", "{6E05109D-76AF-4A78-937D-991F86E48E81}"
EndProject
Project("{FAE04EC0-301F-11D3-BF4B-00C04F79EFBC}") = "Task4", "Tasks\Task4\Task4.csproj", "{7B232090-25A3-4A9B-9561-266FB9CF1FDA}"
EndProject
Project("{FAE04EC0-301F-11D3-BF4B-00C04F79EFBC}") = "Task5", "Tasks\Task5\Task5.csproj", "{14411110-0A5B-477C-8A7B-28BFEDF66611}"
EndProject
Global
	GlobalSection(SolutionConfigurationPlatforms) = preSolution
		Debug|Any CPU = Debug|Any CPU
		Release|Any CPU = Release|Any CPU
	EndGlobalSection
	GlobalSection(ProjectConfigurationPlatforms) = postSolution
		{423037B0-01B8-48B3-AE60-BA87085BDD53}.Debug|Any CPU.ActiveCfg = Debug|Any CPU
		{423037B0-01B8-48B3-AE60-BA87085BDD53}.Debug|Any CPU.Build.0 = Debug|Any CPU
		{423037B0-01B8-48B3-AE60-BA87085BDD53}.Release|Any CPU.ActiveCfg = Release|Any CPU
		{423037B0-01B8-48B3-AE60-BA87085BDD53}.Release|Any CPU.Build.0 = Release|Any CPU
		{0BBF3E2F-BB77-468F-B28D-DF87C285217D}.Debug|Any CPU.ActiveCfg = Debug|Any CPU
		{0BBF3E2F-BB77-468F-B28D-DF87C285217D}.Debug|Any CPU.Build.0 = Debug|Any CPU
		{0BBF3E2F-BB77-468F-B28D-DF87C285217D}.Release|Any CPU.ActiveCfg = Release|Any CPU
		{0BBF3E2F-BB77-468F-B28D-DF87C285217D}.Release|Any CPU.Build.0 = Release|Any CPU
		{C1A7B4DE-2CF8-48CD-959C-DB2158BCABD2}.Debug|Any CPU.ActiveCfg = Debug|Any CPU
		{C1A7B4DE-2CF8-48CD-959C-DB2158BCABD2}.Debug|Any CPU.Build.0 = Debug|Any CPU
		{C1A7B4DE-2CF8-48CD-959C-DB2158BCABD2}.Release|Any CPU.ActiveCfg = Release|Any CPU
		{C1A7B4DE-2CF8-48CD-959C-DB2158BCABD2}.Release|Any CPU.Build.0 = Release|Any CPU
		{955C292B-7218-4EDD-A2FD-D1BCE579EA98}.Debug|Any CPU.ActiveCfg = Debug|Any CPU
		{955C292B-7218-4EDD-A2FD-D1BCE579EA98}.Debug|Any CPU.Build.0 = Debug|Any CPU
		{955C292B-7218-4EDD-A2FD-D1BCE579EA98}.Release|Any CPU.ActiveCfg = Release|Any CPU
		{955C292B-7218-4EDD-A2FD-D1BCE579EA98}.Release|Any CPU.Build.0 = Release|Any CPU
		{4C2844A2-41F4-49AF-B339-F15BD1E16909}.Debug|Any CPU.ActiveCfg = Debug|Any CPU
		{4C2844A2-41F4-49AF-B339-F15BD1E16909}.Debug|Any CPU.Build.0 = Debug|Any CPU
		{4C2844A2-41F4-49AF-B339-F15BD1E16909}.Release|Any CPU.ActiveCfg = Release|Any CPU
		{4C2844A2-41F4-49AF-B339-F15BD1E16909}.Release|Any CPU.Build.0 = Release|Any CPU
		{3BD113B6-ABEB-47B7-BC50-4E41BE03D13A}.Debug|Any CPU.ActiveCfg = Debug|Any CPU
		{3BD113B6-ABEB-47B7-BC50-4E41BE03D13A}.Debug|Any CPU.Build.0 = Debug|Any CPU
		{3BD113B6-ABEB-47B7-BC50-4E41BE03D13A}.Release|Any CPU.ActiveCfg = Release|Any CPU
		{3BD113B6-ABEB-47B7-BC50-4E41BE03D13A}.Release|Any CPU.Build.0 = Release|Any CPU
		{046EFB7F-6DA5-49C7-B890-7C6DAECFF8F1}.Debug|Any CPU.ActiveCfg = Debug|Any CPU
		{046EFB7F-6DA5-49C7-B890-7C6DAECFF8F1}.Debug|Any CPU.Build.0 = Debug|Any CPU
		{046EFB7F-6DA5-49C7-B890-7C6DAECFF8F1}.Release|Any CPU.ActiveCfg = Release|Any CPU
		{046EFB7F-6DA5-49C7-B890-7C6DAECFF8F1}.Release|Any CPU.Build.0 = Release|Any CPU
		{6E05109D-76AF-4A78-937D-991F86E48E81}.Debug|Any CPU.ActiveCfg = Debug|Any CPU
		{6E05109D-76AF-4A78-937D-991F86E48E81}.Debug|Any CPU.Build.0 = Debug|Any CPU
		{6E05109D-76AF-4A78-937D-991F86E48E81}.Release|Any CPU.ActiveCfg = Release|Any CPU
		{6E05109D-76AF-4A78-937D-991F86E48E81}.Release|Any CPU.Build.0 = Release|Any CPU
		{7B232090-25A3-4A9B-9561-266FB9CF1FDA}.Debug|Any CPU.ActiveCfg = Debug|Any CPU
		{7B232090-25A3-4A9B-9561-266FB9CF1FDA}.Debug|Any CPU.Build.0 = Debug|Any CPU
		{7B232090-25A3-4A9B-9561-266FB9CF1FDA}.Release|Any CPU.ActiveCfg = Release|Any CPU
		{7B232090-25A3-4A9B-9561-266FB9CF1FDA}.Release|Any CPU.Build.0 = Release|Any CPU
		{14411110-0A5B-477C-8A7B-28BFEDF66611}.Debug|Any CPU.ActiveCfg = Debug|Any CPU
		{14411110-0A5B-477C-8A7B-28BFEDF66611}.Debug|Any CPU.Build.0 = Debug|Any CPU
		{14411110-0A5B-477C-8A7B-28BFEDF66611}.Release|Any CPU.ActiveCfg = Release|Any CPU
		{14411110-0A5B-477C-8A7B-28BFEDF66611}.Release|Any CPU.Build.0 = Release|Any CPU
	EndGlobalSection
	GlobalSection(SolutionProperties) = preSolution
		HideSolutionNode = FALSE
	EndGlobalSection
	GlobalSection(NestedProjects) = preSolution
		{423037B0-01B8-48B3-AE60-BA87085BDD53} = {9D6BED74-2562-47EA-82B6-508EAFC3EACB}
		{0BBF3E2F-BB77-468F-B28D-DF87C285217D} = {9D6BED74-2562-47EA-82B6-508EAFC3EACB}
		{C1A7B4DE-2CF8-48CD-959C-DB2158BCABD2} = {9D6BED74-2562-47EA-82B6-508EAFC3EACB}
		{955C292B-7218-4EDD-A2FD-D1BCE579EA98} = {9D6BED74-2562-47EA-82B6-508EAFC3EACB}
		{4C2844A2-41F4-49AF-B339-F15BD1E16909} = {9D6BED74-2562-47EA-82B6-508EAFC3EACB}
		{3BD113B6-ABEB-47B7-BC50-4E41BE03D13A} = {CADD2207-1E5F-4364-BE42-52F99F7F1BF3}
		{046EFB7F-6DA5-49C7-B890-7C6DAECFF8F1} = {CADD2207-1E5F-4364-BE42-52F99F7F1BF3}
		{6E05109D-76AF-4A78-937D-991F86E48E81} = {CADD2207-1E5F-4364-BE42-52F99F7F1BF3}
		{7B232090-25A3-4A9B-9561-266FB9CF1FDA} = {CADD2207-1E5F-4364-BE42-52F99F7F1BF3}
		{14411110-0A5B-477C-8A7B-28BFEDF66611} = {CADD2207-1E5F-4364-BE42-52F99F7F1BF3}
	EndGlobalSection
	GlobalSection(ExtensibilityGlobals) = postSolution
		SolutionGuid = {DD6254B4-262A-451A-8654-5BE885B4D490}
	EndGlobalSection
EndGlobal
